
Microsoft Visual Studio Solution File, Format Version 12.00
# Visual Studio Version 17
VisualStudioVersion = 17.7.34221.43
MinimumVisualStudioVersion = 10.0.40219.1
Project("{888888A0-9F3D-457C-B088-3A5042F75D52}") = "Sec-OPs Security Suite", "Sec-OPs Security Suite.pyproj", "{F66842E0-8924-4D4D-B741-75693B9305F7}"
EndProject
Global
	GlobalSection(SolutionConfigurationPlatforms) = preSolution
		Debug|Any CPU = Debug|Any CPU
		Release|Any CPU = Release|Any CPU
	EndGlobalSection
	GlobalSection(ProjectConfigurationPlatforms) = postSolution
		{F66842E0-8924-4D4D-B741-75693B9305F7}.Debug|Any CPU.ActiveCfg = Debug|Any CPU
		{F66842E0-8924-4D4D-B741-75693B9305F7}.Release|Any CPU.ActiveCfg = Release|Any CPU
	EndGlobalSection
	GlobalSection(SolutionProperties) = preSolution
		HideSolutionNode = FALSE
	EndGlobalSection
	GlobalSection(ExtensibilityGlobals) = postSolution
		SolutionGuid = {23E2FD22-8E12-480A-AC6D-4A84E19CAFD0}
	EndGlobalSection
EndGlobal
